
Microsoft Visual Studio Solution File, Format Version 12.00
# Visual Studio Version 17
VisualStudioVersion = 17.9.34728.123
MinimumVisualStudioVersion = 10.0.40219.1
Project("{FAE04EC0-301F-11D3-BF4B-00C04F79EFBC}") = "TestAplication", "TestAplication.csproj", "{9EFED8A8-31F8-4169-BECA-E77CC460B0F8}"
EndProject
Global
	GlobalSection(SolutionConfigurationPlatforms) = preSolution
		Debug|Any CPU = Debug|Any CPU
		Release|Any CPU = Release|Any CPU
	EndGlobalSection
	GlobalSection(ProjectConfigurationPlatforms) = postSolution
		{9EFED8A8-31F8-4169-BECA-E77CC460B0F8}.Debug|Any CPU.ActiveCfg = Debug|Any CPU
		{9EFED8A8-31F8-4169-BECA-E77CC460B0F8}.Debug|Any CPU.Build.0 = Debug|Any CPU
		{9EFED8A8-31F8-4169-BECA-E77CC460B0F8}.Release|Any CPU.ActiveCfg = Release|Any CPU
		{9EFED8A8-31F8-4169-BECA-E77CC460B0F8}.Release|Any CPU.Build.0 = Release|Any CPU
	EndGlobalSection
	GlobalSection(SolutionProperties) = preSolution
		HideSolutionNode = FALSE
	EndGlobalSection
	GlobalSection(ExtensibilityGlobals) = postSolution
		SolutionGuid = {8D7DB735-5CE0-44FD-B41B-B1C5CDA78DC8}
	EndGlobalSection
EndGlobal
